
Microsoft Visual Studio Solution File, Format Version 12.00
# Visual Studio Version 16
VisualStudioVersion = 16.0.31112.23
MinimumVisualStudioVersion = 10.0.40219.1
Project("{FAE04EC0-301F-11D3-BF4B-00C04F79EFBC}") = "WebApplication1", "WebApplication1\WebApplication1.csproj", "{68D436FD-0060-4A9A-8A5F-390F61C66B77}"
EndProject
Global
	GlobalSection(SolutionConfigurationPlatforms) = preSolution
		Debug|Any CPU = Debug|Any CPU
		Release|Any CPU = Release|Any CPU
	EndGlobalSection
	GlobalSection(ProjectConfigurationPlatforms) = postSolution
		{68D436FD-0060-4A9A-8A5F-390F61C66B77}.Debug|Any CPU.ActiveCfg = Debug|Any CPU
		{68D436FD-0060-4A9A-8A5F-390F61C66B77}.Debug|Any CPU.Build.0 = Debug|Any CPU
		{68D436FD-0060-4A9A-8A5F-390F61C66B77}.Release|Any CPU.ActiveCfg = Release|Any CPU
		{68D436FD-0060-4A9A-8A5F-390F61C66B77}.Release|Any CPU.Build.0 = Release|Any CPU
	EndGlobalSection
	GlobalSection(SolutionProperties) = preSolution
		HideSolutionNode = FALSE
	EndGlobalSection
	GlobalSection(ExtensibilityGlobals) = postSolution
		SolutionGuid = {0FA7C990-DD1B-4FDC-A69F-1AA3D2C1429C}
	EndGlobalSection
EndGlobal
